
Microsoft Visual Studio Solution File, Format Version 12.00
# Visual Studio Version 17
VisualStudioVersion = 17.10.34928.147
MinimumVisualStudioVersion = 10.0.40219.1
Project("{FAE04EC0-301F-11D3-BF4B-00C04F79EFBC}") = "InscripcionIntec", "InscripcionIntec.csproj", "{6098DB74-553F-4CBA-81BC-F88D833A180F}"
EndProject
Global
	GlobalSection(SolutionConfigurationPlatforms) = preSolution
		Debug|Any CPU = Debug|Any CPU
		Release|Any CPU = Release|Any CPU
	EndGlobalSection
	GlobalSection(ProjectConfigurationPlatforms) = postSolution
		{6098DB74-553F-4CBA-81BC-F88D833A180F}.Debug|Any CPU.ActiveCfg = Debug|Any CPU
		{6098DB74-553F-4CBA-81BC-F88D833A180F}.Debug|Any CPU.Build.0 = Debug|Any CPU
		{6098DB74-553F-4CBA-81BC-F88D833A180F}.Release|Any CPU.ActiveCfg = Release|Any CPU
		{6098DB74-553F-4CBA-81BC-F88D833A180F}.Release|Any CPU.Build.0 = Release|Any CPU
	EndGlobalSection
	GlobalSection(SolutionProperties) = preSolution
		HideSolutionNode = FALSE
	EndGlobalSection
	GlobalSection(ExtensibilityGlobals) = postSolution
		SolutionGuid = {76DA2E90-3E81-483A-B97A-D10A21C1BE9F}
	EndGlobalSection
EndGlobal
